
Microsoft Visual Studio Solution File, Format Version 12.00
# Visual Studio Version 17
VisualStudioVersion = 17.9.34701.34
MinimumVisualStudioVersion = 10.0.40219.1
Project("{FAE04EC0-301F-11D3-BF4B-00C04F79EFBC}") = "Demo1", "Demo1\Demo1.csproj", "{079D9124-FDF6-4F7C-8E5E-EE3D6F7CCF24}"
EndProject
Global
	GlobalSection(SolutionConfigurationPlatforms) = preSolution
		Debug|Any CPU = Debug|Any CPU
		Release|Any CPU = Release|Any CPU
	EndGlobalSection
	GlobalSection(ProjectConfigurationPlatforms) = postSolution
		{079D9124-FDF6-4F7C-8E5E-EE3D6F7CCF24}.Debug|Any CPU.ActiveCfg = Debug|Any CPU
		{079D9124-FDF6-4F7C-8E5E-EE3D6F7CCF24}.Debug|Any CPU.Build.0 = Debug|Any CPU
		{079D9124-FDF6-4F7C-8E5E-EE3D6F7CCF24}.Release|Any CPU.ActiveCfg = Release|Any CPU
		{079D9124-FDF6-4F7C-8E5E-EE3D6F7CCF24}.Release|Any CPU.Build.0 = Release|Any CPU
	EndGlobalSection
	GlobalSection(SolutionProperties) = preSolution
		HideSolutionNode = FALSE
	EndGlobalSection
	GlobalSection(ExtensibilityGlobals) = postSolution
		SolutionGuid = {5AD8261D-4598-4E55-98DF-7F3538BDC5A8}
	EndGlobalSection
EndGlobal
